{
	"name": "polkadot_api",
	"version": "1.0.1",
	"lockfileVersion": 3,
	"requires": true,
	"packages": {
		"": {
			"version": "1.0.1",
			"dependencies": {
				"@polkadot/api": "10.1.3"
			},
			"devDependencies": {
				"@rollup/plugin-commonjs": "^21.0.1",
				"@rollup/plugin-node-resolve": "^13.1.3",
				"rollup": "^2.63.0"
			},
			"engines": {
				"node": "*"
			}
		},
		"node_modules/@noble/hashes": {
			"version": "1.3.0",
			"resolved": "https://registry.npmjs.org/@noble/hashes/-/hashes-1.3.0.tgz",
			"integrity": "sha512-ilHEACi9DwqJB0pw7kv+Apvh50jiiSyR/cQ3y4W7lOR5mhvn/50FLUfsnfJz0BDZtl/RR16kXvptiv6q1msYZg==",
			"funding": [
				{
					"type": "individual",
					"url": "https://paulmillr.com/funding/"
				}
			]
		},
		"node_modules/@noble/secp256k1": {
			"version": "1.7.1",
			"resolved": "https://registry.npmjs.org/@noble/secp256k1/-/secp256k1-1.7.1.tgz",
			"integrity": "sha512-hOUk6AyBFmqVrv7k5WAw/LpszxVbj9gGN4JRkIX52fdFAj1UA61KXmZDvqVEm+pOyec3+fIeZB02LYa/pWOArw==",
			"funding": [
				{
					"type": "individual",
					"url": "https://paulmillr.com/funding/"
				}
			]
		},
		"node_modules/@polkadot/api": {
			"version": "10.1.3",
			"resolved": "https://registry.npmjs.org/@polkadot/api/-/api-10.1.3.tgz",
			"integrity": "sha512-iySXpiBG+QaKjE7oxOboWPo4VUHCTF+TRNwI343aV3fsFiX6Iaz+x5BiQJpDxHrKUYkKq5gP+JCG/96HtOEytA==",
			"dependencies": {
				"@polkadot/api-augment": "10.1.3",
				"@polkadot/api-base": "10.1.3",
				"@polkadot/api-derive": "10.1.3",
				"@polkadot/keyring": "^11.0.2",
				"@polkadot/rpc-augment": "10.1.3",
				"@polkadot/rpc-core": "10.1.3",
				"@polkadot/rpc-provider": "10.1.3",
				"@polkadot/types": "10.1.3",
				"@polkadot/types-augment": "10.1.3",
				"@polkadot/types-codec": "10.1.3",
				"@polkadot/types-create": "10.1.3",
				"@polkadot/types-known": "10.1.3",
				"@polkadot/util": "^11.0.2",
				"@polkadot/util-crypto": "^11.0.2",
				"eventemitter3": "^5.0.0",
				"rxjs": "^7.8.0",
				"tslib": "^2.5.0"
			},
			"engines": {
				"node": ">=14"
			}
		},
		"node_modules/@polkadot/api-augment": {
			"version": "10.1.3",
			"resolved": "https://registry.npmjs.org/@polkadot/api-augment/-/api-augment-10.1.3.tgz",
			"integrity": "sha512-aicAnMjo1cfPIteoAWtok7BHPwcPQ7g92+JSYqSYiJTM2H75f0Km1S3Fpw+8D7ShpGkXBws0cXRVWJ5UjoEtAA==",
			"dependencies": {
				"@polkadot/api-base": "10.1.3",
				"@polkadot/rpc-augment": "10.1.3",
				"@polkadot/types": "10.1.3",
				"@polkadot/types-augment": "10.1.3",
				"@polkadot/types-codec": "10.1.3",
				"@polkadot/util": "^11.0.2",
				"tslib": "^2.5.0"
			},
			"engines": {
				"node": ">=14"
			}
		},
		"node_modules/@polkadot/api-base": {
			"version": "10.1.3",
			"resolved": "https://registry.npmjs.org/@polkadot/api-base/-/api-base-10.1.3.tgz",
			"integrity": "sha512-QDdRF/SFS4SrKbLQSyIzmmdzh/z7PLKQ6MwoWO4z35Fyajm8YENiZgytOiRavQWqODbZA+rapADuAOtpzxFCgA==",
			"dependencies": {
				"@polkadot/rpc-core": "10.1.3",
				"@polkadot/types": "10.1.3",
				"@polkadot/util": "^11.0.2",
				"rxjs": "^7.8.0",
				"tslib": "^2.5.0"
			},
			"engines": {
				"node": ">=14"
			}
		},
		"node_modules/@polkadot/api-derive": {
			"version": "10.1.3",
			"resolved": "https://registry.npmjs.org/@polkadot/api-derive/-/api-derive-10.1.3.tgz",
			"integrity": "sha512-millT4dzUIbQbEgBpda6xjW1Crz0Z5PpVDKsxgtTg4PQPzBxoMqAGZozUgMWlKwx0k64oB7dlDSMip7cIczYCw==",
			"dependencies": {
				"@polkadot/api": "10.1.3",
				"@polkadot/api-augment": "10.1.3",
				"@polkadot/api-base": "10.1.3",
				"@polkadot/rpc-core": "10.1.3",
				"@polkadot/types": "10.1.3",
				"@polkadot/types-codec": "10.1.3",
				"@polkadot/util": "^11.0.2",
				"@polkadot/util-crypto": "^11.0.2",
				"rxjs": "^7.8.0",
				"tslib": "^2.5.0"
			},
			"engines": {
				"node": ">=14"
			}
		},
		"node_modules/@polkadot/keyring": {
			"version": "11.1.3",
			"resolved": "https://registry.npmjs.org/@polkadot/keyring/-/keyring-11.1.3.tgz",
			"integrity": "sha512-bzGz1cWDYK7MWhp0630W6KOwTC/wsvKKHBvWxReMT7iQwFHeLn5AemUOveqIPxF+esd/UfdN5aFDHApjYcyZsg==",
			"dependencies": {
				"@polkadot/util": "11.1.3",
				"@polkadot/util-crypto": "11.1.3",
				"tslib": "^2.5.0"
			},
			"engines": {
				"node": ">=14"
			},
			"peerDependencies": {
				"@polkadot/util": "11.1.3",
				"@polkadot/util-crypto": "11.1.3"
			}
		},
		"node_modules/@polkadot/networks": {
			"version": "11.1.3",
			"resolved": "https://registry.npmjs.org/@polkadot/networks/-/networks-11.1.3.tgz",
			"integrity": "sha512-goLpX9SswAGGeh1jXB79wHEfWOF5rLIItMHYalujBmhQVxyAqbxP2tzQqPQXDLcnkWbgwkyYGLXaDD72GBqHZw==",
			"dependencies": {
				"@polkadot/util": "11.1.3",
				"@substrate/ss58-registry": "^1.39.0",
				"tslib": "^2.5.0"
			},
			"engines": {
				"node": ">=14"
			}
		},
		"node_modules/@polkadot/rpc-augment": {
			"version": "10.1.3",
			"resolved": "https://registry.npmjs.org/@polkadot/rpc-augment/-/rpc-augment-10.1.3.tgz",
			"integrity": "sha512-9pkAp8ipQ0/UulPoX2Xnt/QRAEsPoMbw5aABB38EymVERbx5jCnCcAZAqdKTNAK8TkI2KS2LY5qF96khxU/iww==",
			"dependencies": {
				"@polkadot/rpc-core": "10.1.3",
				"@polkadot/types": "10.1.3",
				"@polkadot/types-codec": "10.1.3",
				"@polkadot/util": "^11.0.2",
				"tslib": "^2.5.0"
			},
			"engines": {
				"node": ">=14"
			}
		},
		"node_modules/@polkadot/rpc-core": {
			"version": "10.1.3",
			"resolved": "https://registry.npmjs.org/@polkadot/rpc-core/-/rpc-core-10.1.3.tgz",
			"integrity": "sha512-EcCTeQUyaj0qP/rDZp3Z477pHqWhbZRb8HXAxPBs368V//ePTAc7+duzpFauPuyG1OaZm1EF+S282UapI//lNA==",
			"dependencies": {
				"@polkadot/rpc-augment": "10.1.3",
				"@polkadot/rpc-provider": "10.1.3",
				"@polkadot/types": "10.1.3",
				"@polkadot/util": "^11.0.2",
				"rxjs": "^7.8.0",
				"tslib": "^2.5.0"
			},
			"engines": {
				"node": ">=14"
			}
		},
		"node_modules/@polkadot/rpc-provider": {
			"version": "10.1.3",
			"resolved": "https://registry.npmjs.org/@polkadot/rpc-provider/-/rpc-provider-10.1.3.tgz",
			"integrity": "sha512-EjpMc+AYw2uzV+h5FiEp7Qis9W4DlurTZJ7eDYFPh+moFzynOB63C3HncQFfPFIxlfZfnes2vAV3PCdCNfaqmQ==",
			"dependencies": {
				"@polkadot/keyring": "^11.0.2",
				"@polkadot/types": "10.1.3",
				"@polkadot/types-support": "10.1.3",
				"@polkadot/util": "^11.0.2",
				"@polkadot/util-crypto": "^11.0.2",
				"@polkadot/x-fetch": "^11.0.2",
				"@polkadot/x-global": "^11.0.2",
				"@polkadot/x-ws": "^11.0.2",
				"eventemitter3": "^5.0.0",
				"mock-socket": "^9.2.1",
				"nock": "^13.3.0",
				"tslib": "^2.5.0"
			},
			"engines": {
				"node": ">=14"
			},
			"optionalDependencies": {
				"@substrate/connect": "0.7.20"
			}
		},
		"node_modules/@polkadot/types": {
			"version": "10.1.3",
			"resolved": "https://registry.npmjs.org/@polkadot/types/-/types-10.1.3.tgz",
			"integrity": "sha512-GN1Q+nnxonLijO8AiyOWehWuPF1x4lqOEpOomEds6J6e3a4sbtwpbB0UTwAbfBG57mp6QyL5tEpQr7PV081tHg==",
			"dependencies": {
				"@polkadot/keyring": "^11.0.2",
				"@polkadot/types-augment": "10.1.3",
				"@polkadot/types-codec": "10.1.3",
				"@polkadot/types-create": "10.1.3",
				"@polkadot/util": "^11.0.2",
				"@polkadot/util-crypto": "^11.0.2",
				"rxjs": "^7.8.0",
				"tslib": "^2.5.0"
			},
			"engines": {
				"node": ">=14"
			}
		},
		"node_modules/@polkadot/types-augment": {
			"version": "10.1.3",
			"resolved": "https://registry.npmjs.org/@polkadot/types-augment/-/types-augment-10.1.3.tgz",
			"integrity": "sha512-OP41otAl3/MYA+nM/AoTsqWi2SZMLd/vhw4Y9L6VLQ0FFCy3WLXtrSAMz4yBf+Z29349jG+e/HTA7Y7jPMoAVA==",
			"dependencies": {
				"@polkadot/types": "10.1.3",
				"@polkadot/types-codec": "10.1.3",
				"@polkadot/util": "^11.0.2",
				"tslib": "^2.5.0"
			},
			"engines": {
				"node": ">=14"
			}
		},
		"node_modules/@polkadot/types-codec": {
			"version": "10.1.3",
			"resolved": "https://registry.npmjs.org/@polkadot/types-codec/-/types-codec-10.1.3.tgz",
			"integrity": "sha512-Sx1O+sSFoywyZMY9xs5TiK+/kGne/EqiyJNjKlaMzlrbByQyjDfhYyyaFLZ1T62QJXNn3jP+XP1N62Q/Nqi/Hw==",
			"dependencies": {
				"@polkadot/util": "^11.0.2",
				"@polkadot/x-bigint": "^11.0.2",
				"tslib": "^2.5.0"
			},
			"engines": {
				"node": ">=14"
			}
		},
		"node_modules/@polkadot/types-create": {
			"version": "10.1.3",
			"resolved": "https://registry.npmjs.org/@polkadot/types-create/-/types-create-10.1.3.tgz",
			"integrity": "sha512-jU8C1i987x/irUa8IwKkaEFdd8rUQ2XltIC5tpU6YxEgFPQ5DQdNNXmBH+eHIlsy4fnsvWTXu0nqV2c6uEyjkw==",
			"dependencies": {
				"@polkadot/types-codec": "10.1.3",
				"@polkadot/util": "^11.0.2",
				"tslib": "^2.5.0"
			},
			"engines": {
				"node": ">=14"
			}
		},
		"node_modules/@polkadot/types-known": {
			"version": "10.1.3",
			"resolved": "https://registry.npmjs.org/@polkadot/types-known/-/types-known-10.1.3.tgz",
			"integrity": "sha512-JMKfyrxKPRKPWdmPFNPzy933nFktwjpSkGYAZq8CbgvI6lXwIEcFxUcBUzsVbx383GP+0zJ+GXOcV5UGUkJuhQ==",
			"dependencies": {
				"@polkadot/networks": "^11.0.2",
				"@polkadot/types": "10.1.3",
				"@polkadot/types-codec": "10.1.3",
				"@polkadot/types-create": "10.1.3",
				"@polkadot/util": "^11.0.2",
				"tslib": "^2.5.0"
			},
			"engines": {
				"node": ">=14"
			}
		},
		"node_modules/@polkadot/types-support": {
			"version": "10.1.3",
			"resolved": "https://registry.npmjs.org/@polkadot/types-support/-/types-support-10.1.3.tgz",
			"integrity": "sha512-gr57Au6yxrkJ7+TPqkK1eBk8cEuxp2V7cHqZ0j3u/McWDS2kAWbzXbd6Rj3mggMjuoSOSqWrG2OHLcaoPUCI/w==",
			"dependencies": {
				"@polkadot/util": "^11.0.2",
				"tslib": "^2.5.0"
			},
			"engines": {
				"node": ">=14"
			}
		},
		"node_modules/@polkadot/util": {
			"version": "11.1.3",
			"resolved": "https://registry.npmjs.org/@polkadot/util/-/util-11.1.3.tgz",
			"integrity": "sha512-Gsqzv1/fSoypS5tnJkM+NJQeT7O4iYlSniubUJnaZVOKsIbueTS1bMQ1y3/h8ISxbKBtICW5cZ6zCej6Q/jC3w==",
			"dependencies": {
				"@polkadot/x-bigint": "11.1.3",
				"@polkadot/x-global": "11.1.3",
				"@polkadot/x-textdecoder": "11.1.3",
				"@polkadot/x-textencoder": "11.1.3",
				"@types/bn.js": "^5.1.1",
				"bn.js": "^5.2.1",
				"tslib": "^2.5.0"
			},
			"engines": {
				"node": ">=14"
			}
		},
		"node_modules/@polkadot/util-crypto": {
			"version": "11.1.3",
			"resolved": "https://registry.npmjs.org/@polkadot/util-crypto/-/util-crypto-11.1.3.tgz",
			"integrity": "sha512-hjH1y6jXQuceJ2NWx7+ei0sR4A7t844XwlNquPxZX3kQbQS+1t6tO4Eo3/95JhPsEaJOXduus02cYEF6gteEYQ==",
			"dependencies": {
				"@noble/hashes": "1.3.0",
				"@noble/secp256k1": "1.7.1",
				"@polkadot/networks": "11.1.3",
				"@polkadot/util": "11.1.3",
				"@polkadot/wasm-crypto": "^7.0.3",
				"@polkadot/x-bigint": "11.1.3",
				"@polkadot/x-randomvalues": "11.1.3",
				"@scure/base": "1.1.1",
				"tslib": "^2.5.0",
				"tweetnacl": "^1.0.3"
			},
			"engines": {
				"node": ">=14"
			},
			"peerDependencies": {
				"@polkadot/util": "11.1.3"
			}
		},
		"node_modules/@polkadot/wasm-bridge": {
			"version": "7.2.2",
			"resolved": "https://registry.npmjs.org/@polkadot/wasm-bridge/-/wasm-bridge-7.2.2.tgz",
			"integrity": "sha512-CgNENd65DVYtackOVXXRA0D1RPoCv5+77IdBCf7kNqu6LeAnR4nfTI6qjaApUdN1xRweUsQjSH7tu7VjkMOA0A==",
			"dependencies": {
				"@polkadot/wasm-util": "7.2.2",
				"tslib": "^2.6.1"
			},
			"engines": {
				"node": ">=16"
			},
			"peerDependencies": {
				"@polkadot/util": "*",
				"@polkadot/x-randomvalues": "*"
			}
		},
		"node_modules/@polkadot/wasm-crypto": {
			"version": "7.2.2",
			"resolved": "https://registry.npmjs.org/@polkadot/wasm-crypto/-/wasm-crypto-7.2.2.tgz",
			"integrity": "sha512-1ZY1rxUTawYm0m1zylvBMFovNIHYgG2v/XoASNp/EMG5c8FQIxCbhJRaTBA983GVq4lN/IAKREKEp9ZbLLqssA==",
			"dependencies": {
				"@polkadot/wasm-bridge": "7.2.2",
				"@polkadot/wasm-crypto-asmjs": "7.2.2",
				"@polkadot/wasm-crypto-init": "7.2.2",
				"@polkadot/wasm-crypto-wasm": "7.2.2",
				"@polkadot/wasm-util": "7.2.2",
				"tslib": "^2.6.1"
			},
			"engines": {
				"node": ">=16"
			},
			"peerDependencies": {
				"@polkadot/util": "*",
				"@polkadot/x-randomvalues": "*"
			}
		},
		"node_modules/@polkadot/wasm-crypto-asmjs": {
			"version": "7.2.2",
			"resolved": "https://registry.npmjs.org/@polkadot/wasm-crypto-asmjs/-/wasm-crypto-asmjs-7.2.2.tgz",
			"integrity": "sha512-wKg+cpsWQCTSVhjlHuNeB/184rxKqY3vaklacbLOMbUXieIfuDBav5PJdzS3yeiVE60TpYaHW4iX/5OYHS82gg==",
			"dependencies": {
				"tslib": "^2.6.1"
			},
			"engines": {
				"node": ">=16"
			},
			"peerDependencies": {
				"@polkadot/util": "*"
			}
		},
		"node_modules/@polkadot/wasm-crypto-init": {
			"version": "7.2.2",
			"resolved": "https://registry.npmjs.org/@polkadot/wasm-crypto-init/-/wasm-crypto-init-7.2.2.tgz",
			"integrity": "sha512-vD4iPIp9x+SssUIWUenxWLPw4BVIwhXHNMpsV81egK990tvpyIxL205/EF5QRb1mKn8WfWcNFm5tYwwh9NdnnA==",
			"dependencies": {
				"@polkadot/wasm-bridge": "7.2.2",
				"@polkadot/wasm-crypto-asmjs": "7.2.2",
				"@polkadot/wasm-crypto-wasm": "7.2.2",
				"@polkadot/wasm-util": "7.2.2",
				"tslib": "^2.6.1"
			},
			"engines": {
				"node": ">=16"
			},
			"peerDependencies": {
				"@polkadot/util": "*",
				"@polkadot/x-randomvalues": "*"
			}
		},
		"node_modules/@polkadot/wasm-crypto-wasm": {
			"version": "7.2.2",
			"resolved": "https://registry.npmjs.org/@polkadot/wasm-crypto-wasm/-/wasm-crypto-wasm-7.2.2.tgz",
			"integrity": "sha512-3efoIB6jA3Hhv6k0YIBwCtlC8gCSWCk+R296yIXRLLr3cGN415KM/PO/d1JIXYI64lbrRzWRmZRhllw3jf6Atg==",
			"dependencies": {
				"@polkadot/wasm-util": "7.2.2",
				"tslib": "^2.6.1"
			},
			"engines": {
				"node": ">=16"
			},
			"peerDependencies": {
				"@polkadot/util": "*"
			}
		},
		"node_modules/@polkadot/wasm-util": {
			"version": "7.2.2",
			"resolved": "https://registry.npmjs.org/@polkadot/wasm-util/-/wasm-util-7.2.2.tgz",
			"integrity": "sha512-N/25960ifCc56sBlJZ2h5UBpEPvxBmMLgwYsl7CUuT+ea2LuJW9Xh8VHDN/guYXwmm92/KvuendYkEUykpm/JQ==",
			"dependencies": {
				"tslib": "^2.6.1"
			},
			"engines": {
				"node": ">=16"
			},
			"peerDependencies": {
				"@polkadot/util": "*"
			}
		},
		"node_modules/@polkadot/x-bigint": {
			"version": "11.1.3",
			"resolved": "https://registry.npmjs.org/@polkadot/x-bigint/-/x-bigint-11.1.3.tgz",
			"integrity": "sha512-fRUUHfW9VFsXT7sLUUY7gSu8v+PvzNLRwvjnp+Ly8vFx9LTLuVGFCi+mpysuRTaPpqZZJlzBJ3fST7xTGh67Pg==",
			"dependencies": {
				"@polkadot/x-global": "11.1.3",
				"tslib": "^2.5.0"
			},
			"engines": {
				"node": ">=14"
			}
		},
		"node_modules/@polkadot/x-fetch": {
			"version": "11.1.3",
			"resolved": "https://registry.npmjs.org/@polkadot/x-fetch/-/x-fetch-11.1.3.tgz",
			"integrity": "sha512-+Z0RxxsN7+l2ZmmDdHqOo0kgqvjXJ1bw8CwTVnq3t9nPgZKn2pC3Fq3xdj/sRWiLuf/UhgCxKfYfMmt5ek4kIg==",
			"dependencies": {
				"@polkadot/x-global": "11.1.3",
				"node-fetch": "^3.3.1",
				"tslib": "^2.5.0"
			},
			"engines": {
				"node": ">=14"
			}
		},
		"node_modules/@polkadot/x-global": {
			"version": "11.1.3",
			"resolved": "https://registry.npmjs.org/@polkadot/x-global/-/x-global-11.1.3.tgz",
			"integrity": "sha512-R3aqtIjgzFHJ3TyX6wavhp+59oLbZiqczIHkaas/nJe21+SVARqFmIII6BwS7ty7+8Uu4fHliA9re+ZSUp+rwg==",
			"dependencies": {
				"tslib": "^2.5.0"
			},
			"engines": {
				"node": ">=14"
			}
		},
		"node_modules/@polkadot/x-randomvalues": {
			"version": "11.1.3",
			"resolved": "https://registry.npmjs.org/@polkadot/x-randomvalues/-/x-randomvalues-11.1.3.tgz",
			"integrity": "sha512-kZjbRgxokMR9UTodZQKs6s3C/Q2YgeizcxpDCghM/VdvQUE8OVBGNzduF7SvBvQyg2Qbg8jMcSxXOY7UgcOWSg==",
			"dependencies": {
				"@polkadot/x-global": "11.1.3",
				"tslib": "^2.5.0"
			},
			"engines": {
				"node": ">=14"
			}
		},
		"node_modules/@polkadot/x-textdecoder": {
			"version": "11.1.3",
			"resolved": "https://registry.npmjs.org/@polkadot/x-textdecoder/-/x-textdecoder-11.1.3.tgz",
			"integrity": "sha512-NhOjuXVfYRMw9l0VhCtZOtcWefZth58p5KpVOrFyJZd12fTsoMO5/746K7QoAjWRrLQTJ/LHCEKCtWww0LwVPw==",
			"dependencies": {
				"@polkadot/x-global": "11.1.3",
				"tslib": "^2.5.0"
			},
			"engines": {
				"node": ">=14"
			}
		},
		"node_modules/@polkadot/x-textencoder": {
			"version": "11.1.3",
			"resolved": "https://registry.npmjs.org/@polkadot/x-textencoder/-/x-textencoder-11.1.3.tgz",
			"integrity": "sha512-7DmqjlPN8aQexLUKwoHeadihpUnW8hjpXEru+aEDxjgq9XIxPvb++NeBK+Mra9RzzZRuiT/K5z16HlwKN//ewg==",
			"dependencies": {
				"@polkadot/x-global": "11.1.3",
				"tslib": "^2.5.0"
			},
			"engines": {
				"node": ">=14"
			}
		},
		"node_modules/@polkadot/x-ws": {
			"version": "11.1.3",
			"resolved": "https://registry.npmjs.org/@polkadot/x-ws/-/x-ws-11.1.3.tgz",
			"integrity": "sha512-omNU2mIVX997HiHm2YxEdJdyCFnv+oTyKWZd0+FdS47rdfhVwD+H9/bS+rtQ9lIqfhODdGmw3fG//gq1KpYJcw==",
			"dependencies": {
				"@polkadot/x-global": "11.1.3",
				"tslib": "^2.5.0",
				"ws": "^8.13.0"
			},
			"engines": {
				"node": ">=14"
			}
		},
		"node_modules/@rollup/plugin-commonjs": {
			"version": "21.1.0",
			"resolved": "https://registry.npmjs.org/@rollup/plugin-commonjs/-/plugin-commonjs-21.1.0.tgz",
			"integrity": "sha512-6ZtHx3VHIp2ReNNDxHjuUml6ur+WcQ28N1yHgCQwsbNkQg2suhxGMDQGJOn/KuDxKtd1xuZP5xSTwBA4GQ8hbA==",
			"dev": true,
			"dependencies": {
				"@rollup/pluginutils": "^3.1.0",
				"commondir": "^1.0.1",
				"estree-walker": "^2.0.1",
				"glob": "^7.1.6",
				"is-reference": "^1.2.1",
				"magic-string": "^0.25.7",
				"resolve": "^1.17.0"
			},
			"engines": {
				"node": ">= 8.0.0"
			},
			"peerDependencies": {
				"rollup": "^2.38.3"
			}
		},
		"node_modules/@rollup/plugin-node-resolve": {
			"version": "13.3.0",
			"resolved": "https://registry.npmjs.org/@rollup/plugin-node-resolve/-/plugin-node-resolve-13.3.0.tgz",
			"integrity": "sha512-Lus8rbUo1eEcnS4yTFKLZrVumLPY+YayBdWXgFSHYhTT2iJbMhoaaBL3xl5NCdeRytErGr8tZ0L71BMRmnlwSw==",
			"dev": true,
			"dependencies": {
				"@rollup/pluginutils": "^3.1.0",
				"@types/resolve": "1.17.1",
				"deepmerge": "^4.2.2",
				"is-builtin-module": "^3.1.0",
				"is-module": "^1.0.0",
				"resolve": "^1.19.0"
			},
			"engines": {
				"node": ">= 10.0.0"
			},
			"peerDependencies": {
				"rollup": "^2.42.0"
			}
		},
		"node_modules/@rollup/pluginutils": {
			"version": "3.1.0",
			"resolved": "https://registry.npmjs.org/@rollup/pluginutils/-/pluginutils-3.1.0.tgz",
			"integrity": "sha512-GksZ6pr6TpIjHm8h9lSQ8pi8BE9VeubNT0OMJ3B5uZJ8pz73NPiqOtCog/x2/QzM1ENChPKxMDhiQuRHsqc+lg==",
			"dev": true,
			"dependencies": {
				"@types/estree": "0.0.39",
				"estree-walker": "^1.0.1",
				"picomatch": "^2.2.2"
			},
			"engines": {
				"node": ">= 8.0.0"
			},
			"peerDependencies": {
				"rollup": "^1.20.0||^2.0.0"
			}
		},
		"node_modules/@rollup/pluginutils/node_modules/estree-walker": {
			"version": "1.0.1",
			"resolved": "https://registry.npmjs.org/estree-walker/-/estree-walker-1.0.1.tgz",
			"integrity": "sha512-1fMXF3YP4pZZVozF8j/ZLfvnR8NSIljt56UhbZ5PeeDmmGHpgpdwQt7ITlGvYaQukCvuBRMLEiKiYC+oeIg4cg==",
			"dev": true
		},
		"node_modules/@scure/base": {
			"version": "1.1.1",
			"resolved": "https://registry.npmjs.org/@scure/base/-/base-1.1.1.tgz",
			"integrity": "sha512-ZxOhsSyxYwLJj3pLZCefNitxsj093tb2vq90mp2txoYeBqbcjDjqFhyM8eUjq/uFm6zJ+mUuqxlS2FkuSY1MTA==",
			"funding": [
				{
					"type": "individual",
					"url": "https://paulmillr.com/funding/"
				}
			]
		},
		"node_modules/@substrate/connect": {
			"version": "0.7.20",
			"resolved": "https://registry.npmjs.org/@substrate/connect/-/connect-0.7.20.tgz",
			"integrity": "sha512-f/sMgGUikJxDaNMkQXCU/1WaMy0MLJB+KS+P+CpsIhWyxj2dOcph5YXjAJiIlgrZqHImV28RJnraxXBD3AlmLQ==",
			"optional": true,
			"dependencies": {
				"@substrate/connect-extension-protocol": "^1.0.1",
				"eventemitter3": "^4.0.7",
				"smoldot": "0.7.11"
			}
		},
		"node_modules/@substrate/connect-extension-protocol": {
			"version": "1.0.1",
			"resolved": "https://registry.npmjs.org/@substrate/connect-extension-protocol/-/connect-extension-protocol-1.0.1.tgz",
			"integrity": "sha512-161JhCC1csjH3GE5mPLEd7HbWtwNSPJBg3p1Ksz9SFlTzj/bgEwudiRN2y5i0MoLGCIJRYKyKGMxVnd29PzNjg==",
			"optional": true
		},
		"node_modules/@substrate/connect/node_modules/eventemitter3": {
			"version": "4.0.7",
			"resolved": "https://registry.npmjs.org/eventemitter3/-/eventemitter3-4.0.7.tgz",
			"integrity": "sha512-8guHBZCwKnFhYdHr2ysuRWErTwhoN2X8XELRlrRwpmfeY2jjuUN4taQMsULKUVo1K4DvZl+0pgfyoysHxvmvEw==",
			"optional": true
		},
		"node_modules/@substrate/ss58-registry": {
			"version": "1.43.0",
			"resolved": "https://registry.npmjs.org/@substrate/ss58-registry/-/ss58-registry-1.43.0.tgz",
			"integrity": "sha512-USEkXA46P9sqClL7PZv0QFsit4S8Im97wchKG0/H/9q3AT/S76r40UHfCr4Un7eBJPE23f7fU9BZ0ITpP9MCsA=="
		},
		"node_modules/@types/bn.js": {
			"version": "5.1.1",
			"resolved": "https://registry.npmjs.org/@types/bn.js/-/bn.js-5.1.1.tgz",
			"integrity": "sha512-qNrYbZqMx0uJAfKnKclPh+dTwK33KfLHYqtyODwd5HnXOjnkhc4qgn3BrK6RWyGZm5+sIFE7Q7Vz6QQtJB7w7g==",
			"dependencies": {
				"@types/node": "*"
			}
		},
		"node_modules/@types/estree": {
			"version": "0.0.39",
			"resolved": "https://registry.npmjs.org/@types/estree/-/estree-0.0.39.tgz",
			"integrity": "sha512-EYNwp3bU+98cpU4lAWYYL7Zz+2gryWH1qbdDTidVd6hkiR6weksdbMadyXKXNPEkQFhXM+hVO9ZygomHXp+AIw==",
			"dev": true
		},
		"node_modules/@types/node": {
			"version": "20.5.6",
			"resolved": "https://registry.npmjs.org/@types/node/-/node-20.5.6.tgz",
			"integrity": "sha512-Gi5wRGPbbyOTX+4Y2iULQ27oUPrefaB0PxGQJnfyWN3kvEDGM3mIB5M/gQLmitZf7A9FmLeaqxD3L1CXpm3VKQ=="
		},
		"node_modules/@types/resolve": {
			"version": "1.17.1",
			"resolved": "https://registry.npmjs.org/@types/resolve/-/resolve-1.17.1.tgz",
			"integrity": "sha512-yy7HuzQhj0dhGpD8RLXSZWEkLsV9ibvxvi6EiJ3bkqLAO1RGo0WbkWQiwpRlSFymTJRz0d3k5LM3kkx8ArDbLw==",
			"dev": true,
			"dependencies": {
				"@types/node": "*"
			}
		},
		"node_modules/balanced-match": {
			"version": "1.0.2",
			"resolved": "https://registry.npmjs.org/balanced-match/-/balanced-match-1.0.2.tgz",
			"integrity": "sha512-3oSeUO0TMV67hN1AmbXsK4yaqU7tjiHlbxRDZOpH0KW9+CeX4bRAaX0Anxt0tx2MrpRpWwQaPwIlISEJhYU5Pw==",
			"dev": true
		},
		"node_modules/bn.js": {
			"version": "5.2.1",
			"resolved": "https://registry.npmjs.org/bn.js/-/bn.js-5.2.1.tgz",
			"integrity": "sha512-eXRvHzWyYPBuB4NBy0cmYQjGitUrtqwbvlzP3G6VFnNRbsZQIxQ10PbKKHt8gZ/HW/D/747aDl+QkDqg3KQLMQ=="
		},
		"node_modules/brace-expansion": {
			"version": "1.1.11",
			"resolved": "https://registry.npmjs.org/brace-expansion/-/brace-expansion-1.1.11.tgz",
			"integrity": "sha512-iCuPHDFgrHX7H2vEI/5xpz07zSHB00TpugqhmYtVmMO6518mCuRMoOYFldEBl0g187ufozdaHgWKcYFb61qGiA==",
			"dev": true,
			"dependencies": {
				"balanced-match": "^1.0.0",
				"concat-map": "0.0.1"
			}
		},
		"node_modules/builtin-modules": {
			"version": "3.3.0",
			"resolved": "https://registry.npmjs.org/builtin-modules/-/builtin-modules-3.3.0.tgz",
			"integrity": "sha512-zhaCDicdLuWN5UbN5IMnFqNMhNfo919sH85y2/ea+5Yg9TsTkeZxpL+JLbp6cgYFS4sRLp3YV4S6yDuqVWHYOw==",
			"dev": true,
			"engines": {
				"node": ">=6"
			},
			"funding": {
				"url": "https://github.com/sponsors/sindresorhus"
			}
		},
		"node_modules/commondir": {
			"version": "1.0.1",
			"resolved": "https://registry.npmjs.org/commondir/-/commondir-1.0.1.tgz",
			"integrity": "sha512-W9pAhw0ja1Edb5GVdIF1mjZw/ASI0AlShXM83UUGe2DVr5TdAPEA1OA8m/g8zWp9x6On7gqufY+FatDbC3MDQg==",
			"dev": true
		},
		"node_modules/concat-map": {
			"version": "0.0.1",
			"resolved": "https://registry.npmjs.org/concat-map/-/concat-map-0.0.1.tgz",
			"integrity": "sha512-/Srv4dswyQNBfohGpz9o6Yb3Gz3SrUDqBH5rTuhGR7ahtlbYKnVxw2bCFMRljaA7EXHaXZ8wsHdodFvbkhKmqg==",
			"dev": true
		},
		"node_modules/data-uri-to-buffer": {
			"version": "4.0.1",
			"resolved": "https://registry.npmjs.org/data-uri-to-buffer/-/data-uri-to-buffer-4.0.1.tgz",
			"integrity": "sha512-0R9ikRb668HB7QDxT1vkpuUBtqc53YyAwMwGeUFKRojY/NWKvdZ+9UYtRfGmhqNbRkTSVpMbmyhXipFFv2cb/A==",
			"engines": {
				"node": ">= 12"
			}
		},
		"node_modules/debug": {
			"version": "4.3.4",
			"resolved": "https://registry.npmjs.org/debug/-/debug-4.3.4.tgz",
			"integrity": "sha512-PRWFHuSU3eDtQJPvnNY7Jcket1j0t5OuOsFzPPzsekD52Zl8qUfFIPEiswXqIvHWGVHOgX+7G/vCNNhehwxfkQ==",
			"dependencies": {
				"ms": "2.1.2"
			},
			"engines": {
				"node": ">=6.0"
			},
			"peerDependenciesMeta": {
				"supports-color": {
					"optional": true
				}
			}
		},
		"node_modules/deepmerge": {
			"version": "4.3.1",
			"resolved": "https://registry.npmjs.org/deepmerge/-/deepmerge-4.3.1.tgz",
			"integrity": "sha512-3sUqbMEc77XqpdNO7FRyRog+eW3ph+GYCbj+rK+uYyRMuwsVy0rMiVtPn+QJlKFvWP/1PYpapqYn0Me2knFn+A==",
			"dev": true,
			"engines": {
				"node": ">=0.10.0"
			}
		},
		"node_modules/estree-walker": {
			"version": "2.0.2",
			"resolved": "https://registry.npmjs.org/estree-walker/-/estree-walker-2.0.2.tgz",
			"integrity": "sha512-Rfkk/Mp/DL7JVje3u18FxFujQlTNR2q6QfMSMB7AvCBx91NGj/ba3kCfza0f6dVDbw7YlRf/nDrn7pQrCCyQ/w==",
			"dev": true
		},
		"node_modules/eventemitter3": {
			"version": "5.0.1",
			"resolved": "https://registry.npmjs.org/eventemitter3/-/eventemitter3-5.0.1.tgz",
			"integrity": "sha512-GWkBvjiSZK87ELrYOSESUYeVIc9mvLLf/nXalMOS5dYrgZq9o5OVkbZAVM06CVxYsCwH9BDZFPlQTlPA1j4ahA=="
		},
		"node_modules/fetch-blob": {
			"version": "3.2.0",
			"resolved": "https://registry.npmjs.org/fetch-blob/-/fetch-blob-3.2.0.tgz",
			"integrity": "sha512-7yAQpD2UMJzLi1Dqv7qFYnPbaPx7ZfFK6PiIxQ4PfkGPyNyl2Ugx+a/umUonmKqjhM4DnfbMvdX6otXq83soQQ==",
			"funding": [
				{
					"type": "github",
					"url": "https://github.com/sponsors/jimmywarting"
				},
				{
					"type": "paypal",
					"url": "https://paypal.me/jimmywarting"
				}
			],
			"dependencies": {
				"node-domexception": "^1.0.0",
				"web-streams-polyfill": "^3.0.3"
			},
			"engines": {
				"node": "^12.20 || >= 14.13"
			}
		},
		"node_modules/formdata-polyfill": {
			"version": "4.0.10",
			"resolved": "https://registry.npmjs.org/formdata-polyfill/-/formdata-polyfill-4.0.10.tgz",
			"integrity": "sha512-buewHzMvYL29jdeQTVILecSaZKnt/RJWjoZCF5OW60Z67/GmSLBkOFM7qh1PI3zFNtJbaZL5eQu1vLfazOwj4g==",
			"dependencies": {
				"fetch-blob": "^3.1.2"
			},
			"engines": {
				"node": ">=12.20.0"
			}
		},
		"node_modules/fs.realpath": {
			"version": "1.0.0",
			"resolved": "https://registry.npmjs.org/fs.realpath/-/fs.realpath-1.0.0.tgz",
			"integrity": "sha512-OO0pH2lK6a0hZnAdau5ItzHPI6pUlvI7jMVnxUQRtw4owF2wk8lOSabtGDCTP4Ggrg2MbGnWO9X8K1t4+fGMDw==",
			"dev": true
		},
		"node_modules/fsevents": {
			"version": "2.3.3",
			"resolved": "https://registry.npmjs.org/fsevents/-/fsevents-2.3.3.tgz",
			"integrity": "sha512-5xoDfX+fL7faATnagmWPpbFtwh/R77WmMMqqHGS65C3vvB0YHrgF+B1YmZ3441tMj5n63k0212XNoJwzlhffQw==",
			"dev": true,
			"hasInstallScript": true,
			"optional": true,
			"os": [
				"darwin"
			],
			"engines": {
				"node": "^8.16.0 || ^10.6.0 || >=11.0.0"
			}
		},
		"node_modules/function-bind": {
			"version": "1.1.1",
			"resolved": "https://registry.npmjs.org/function-bind/-/function-bind-1.1.1.tgz",
			"integrity": "sha512-yIovAzMX49sF8Yl58fSCWJ5svSLuaibPxXQJFLmBObTuCr0Mf1KiPopGM9NiFjiYBCbfaa2Fh6breQ6ANVTI0A==",
			"dev": true
		},
		"node_modules/glob": {
			"version": "7.2.3",
			"resolved": "https://registry.npmjs.org/glob/-/glob-7.2.3.tgz",
			"integrity": "sha512-nFR0zLpU2YCaRxwoCJvL6UvCH2JFyFVIvwTLsIf21AuHlMskA1hhTdk+LlYJtOlYt9v6dvszD2BGRqBL+iQK9Q==",
			"dev": true,
			"dependencies": {
				"fs.realpath": "^1.0.0",
				"inflight": "^1.0.4",
				"inherits": "2",
				"minimatch": "^3.1.1",
				"once": "^1.3.0",
				"path-is-absolute": "^1.0.0"
			},
			"engines": {
				"node": "*"
			},
			"funding": {
				"url": "https://github.com/sponsors/isaacs"
			}
		},
		"node_modules/has": {
			"version": "1.0.3",
			"resolved": "https://registry.npmjs.org/has/-/has-1.0.3.tgz",
			"integrity": "sha512-f2dvO0VU6Oej7RkWJGrehjbzMAjFp5/VKPp5tTpWIV4JHHZK1/BxbFRtf/siA2SWTe09caDmVtYYzWEIbBS4zw==",
			"dev": true,
			"dependencies": {
				"function-bind": "^1.1.1"
			},
			"engines": {
				"node": ">= 0.4.0"
			}
		},
		"node_modules/inflight": {
			"version": "1.0.6",
			"resolved": "https://registry.npmjs.org/inflight/-/inflight-1.0.6.tgz",
			"integrity": "sha512-k92I/b08q4wvFscXCLvqfsHCrjrF7yiXsQuIVvVE7N82W3+aqpzuUdBbfhWcy/FZR3/4IgflMgKLOsvPDrGCJA==",
			"dev": true,
			"dependencies": {
				"once": "^1.3.0",
				"wrappy": "1"
			}
		},
		"node_modules/inherits": {
			"version": "2.0.4",
			"resolved": "https://registry.npmjs.org/inherits/-/inherits-2.0.4.tgz",
			"integrity": "sha512-k/vGaX4/Yla3WzyMCvTQOXYeIHvqOKtnqBduzTHpzpQZzAskKMhZ2K+EnBiSM9zGSoIFeMpXKxa4dYeZIQqewQ==",
			"dev": true
		},
		"node_modules/is-builtin-module": {
			"version": "3.2.1",
			"resolved": "https://registry.npmjs.org/is-builtin-module/-/is-builtin-module-3.2.1.tgz",
			"integrity": "sha512-BSLE3HnV2syZ0FK0iMA/yUGplUeMmNz4AW5fnTunbCIqZi4vG3WjJT9FHMy5D69xmAYBHXQhJdALdpwVxV501A==",
			"dev": true,
			"dependencies": {
				"builtin-modules": "^3.3.0"
			},
			"engines": {
				"node": ">=6"
			},
			"funding": {
				"url": "https://github.com/sponsors/sindresorhus"
			}
		},
		"node_modules/is-core-module": {
			"version": "2.13.0",
			"resolved": "https://registry.npmjs.org/is-core-module/-/is-core-module-2.13.0.tgz",
			"integrity": "sha512-Z7dk6Qo8pOCp3l4tsX2C5ZVas4V+UxwQodwZhLopL91TX8UyyHEXafPcyoeeWuLrwzHcr3igO78wNLwHJHsMCQ==",
			"dev": true,
			"dependencies": {
				"has": "^1.0.3"
			},
			"funding": {
				"url": "https://github.com/sponsors/ljharb"
			}
		},
		"node_modules/is-module": {
			"version": "1.0.0",
			"resolved": "https://registry.npmjs.org/is-module/-/is-module-1.0.0.tgz",
			"integrity": "sha512-51ypPSPCoTEIN9dy5Oy+h4pShgJmPCygKfyRCISBI+JoWT/2oJvK8QPxmwv7b/p239jXrm9M1mlQbyKJ5A152g==",
			"dev": true
		},
		"node_modules/is-reference": {
			"version": "1.2.1",
			"resolved": "https://registry.npmjs.org/is-reference/-/is-reference-1.2.1.tgz",
			"integrity": "sha512-U82MsXXiFIrjCK4otLT+o2NA2Cd2g5MLoOVXUZjIOhLurrRxpEXzI8O0KZHr3IjLvlAH1kTPYSuqer5T9ZVBKQ==",
			"dev": true,
			"dependencies": {
				"@types/estree": "*"
			}
		},
		"node_modules/json-stringify-safe": {
			"version": "5.0.1",
			"resolved": "https://registry.npmjs.org/json-stringify-safe/-/json-stringify-safe-5.0.1.tgz",
			"integrity": "sha512-ZClg6AaYvamvYEE82d3Iyd3vSSIjQ+odgjaTzRuO3s7toCdFKczob2i0zCh7JE8kWn17yvAWhUVxvqGwUalsRA=="
		},
		"node_modules/lodash": {
			"version": "4.17.21",
			"resolved": "https://registry.npmjs.org/lodash/-/lodash-4.17.21.tgz",
			"integrity": "sha512-v2kDEe57lecTulaDIuNTPy3Ry4gLGJ6Z1O3vE1krgXZNrsQ+LFTGHVxVjcXPs17LhbZVGedAJv8XZ1tvj5FvSg=="
		},
		"node_modules/magic-string": {
			"version": "0.25.9",
			"resolved": "https://registry.npmjs.org/magic-string/-/magic-string-0.25.9.tgz",
			"integrity": "sha512-RmF0AsMzgt25qzqqLc1+MbHmhdx0ojF2Fvs4XnOqz2ZOBXzzkEwc/dJQZCYHAn7v1jbVOjAZfK8msRn4BxO4VQ==",
			"dev": true,
			"dependencies": {
				"sourcemap-codec": "^1.4.8"
			}
		},
		"node_modules/minimatch": {
			"version": "3.1.2",
			"resolved": "https://registry.npmjs.org/minimatch/-/minimatch-3.1.2.tgz",
			"integrity": "sha512-J7p63hRiAjw1NDEww1W7i37+ByIrOWO5XQQAzZ3VOcL0PNybwpfmV/N05zFAzwQ9USyEcX6t3UO+K5aqBQOIHw==",
			"dev": true,
			"dependencies": {
				"brace-expansion": "^1.1.7"
			},
			"engines": {
				"node": "*"
			}
		},
		"node_modules/mock-socket": {
			"version": "9.2.1",
			"resolved": "https://registry.npmjs.org/mock-socket/-/mock-socket-9.2.1.tgz",
			"integrity": "sha512-aw9F9T9G2zpGipLLhSNh6ZpgUyUl4frcVmRN08uE1NWPWg43Wx6+sGPDbQ7E5iFZZDJW5b5bypMeAEHqTbIFag==",
			"engines": {
				"node": ">= 8"
			}
		},
		"node_modules/ms": {
			"version": "2.1.2",
			"resolved": "https://registry.npmjs.org/ms/-/ms-2.1.2.tgz",
			"integrity": "sha512-sGkPx+VjMtmA6MX27oA4FBFELFCZZ4S4XqeGOXCv68tT+jb3vk/RyaKWP0PTKyWtmLSM0b+adUTEvbs1PEaH2w=="
		},
		"node_modules/nock": {
			"version": "13.3.3",
			"resolved": "https://registry.npmjs.org/nock/-/nock-13.3.3.tgz",
			"integrity": "sha512-z+KUlILy9SK/RjpeXDiDUEAq4T94ADPHE3qaRkf66mpEhzc/ytOMm3Bwdrbq6k1tMWkbdujiKim3G2tfQARuJw==",
			"dependencies": {
				"debug": "^4.1.0",
				"json-stringify-safe": "^5.0.1",
				"lodash": "^4.17.21",
				"propagate": "^2.0.0"
			},
			"engines": {
				"node": ">= 10.13"
			}
		},
		"node_modules/node-domexception": {
			"version": "1.0.0",
			"resolved": "https://registry.npmjs.org/node-domexception/-/node-domexception-1.0.0.tgz",
			"integrity": "sha512-/jKZoMpw0F8GRwl4/eLROPA3cfcXtLApP0QzLmUT/HuPCZWyB7IY9ZrMeKw2O/nFIqPQB3PVM9aYm0F312AXDQ==",
			"funding": [
				{
					"type": "github",
					"url": "https://github.com/sponsors/jimmywarting"
				},
				{
					"type": "github",
					"url": "https://paypal.me/jimmywarting"
				}
			],
			"engines": {
				"node": ">=10.5.0"
			}
		},
		"node_modules/node-fetch": {
			"version": "3.3.2",
			"resolved": "https://registry.npmjs.org/node-fetch/-/node-fetch-3.3.2.tgz",
			"integrity": "sha512-dRB78srN/l6gqWulah9SrxeYnxeddIG30+GOqK/9OlLVyLg3HPnr6SqOWTWOXKRwC2eGYCkZ59NNuSgvSrpgOA==",
			"dependencies": {
				"data-uri-to-buffer": "^4.0.0",
				"fetch-blob": "^3.1.4",
				"formdata-polyfill": "^4.0.10"
			},
			"engines": {
				"node": "^12.20.0 || ^14.13.1 || >=16.0.0"
			},
			"funding": {
				"type": "opencollective",
				"url": "https://opencollective.com/node-fetch"
			}
		},
		"node_modules/once": {
			"version": "1.4.0",
			"resolved": "https://registry.npmjs.org/once/-/once-1.4.0.tgz",
			"integrity": "sha512-lNaJgI+2Q5URQBkccEKHTQOPaXdUxnZZElQTZY0MFUAuaEqe1E+Nyvgdz/aIyNi6Z9MzO5dv1H8n58/GELp3+w==",
			"dev": true,
			"dependencies": {
				"wrappy": "1"
			}
		},
		"node_modules/pako": {
			"version": "2.1.0",
			"resolved": "https://registry.npmjs.org/pako/-/pako-2.1.0.tgz",
			"integrity": "sha512-w+eufiZ1WuJYgPXbV/PO3NCMEc3xqylkKHzp8bxp1uW4qaSNQUkwmLLEc3kKsfz8lpV1F8Ht3U1Cm+9Srog2ug==",
			"optional": true
		},
		"node_modules/path-is-absolute": {
			"version": "1.0.1",
			"resolved": "https://registry.npmjs.org/path-is-absolute/-/path-is-absolute-1.0.1.tgz",
			"integrity": "sha512-AVbw3UJ2e9bq64vSaS9Am0fje1Pa8pbGqTTsmXfaIiMpnr5DlDhfJOuLj9Sf95ZPVDAUerDfEk88MPmPe7UCQg==",
			"dev": true,
			"engines": {
				"node": ">=0.10.0"
			}
		},
		"node_modules/path-parse": {
			"version": "1.0.7",
			"resolved": "https://registry.npmjs.org/path-parse/-/path-parse-1.0.7.tgz",
			"integrity": "sha512-LDJzPVEEEPR+y48z93A0Ed0yXb8pAByGWo/k5YYdYgpY2/2EsOsksJrq7lOHxryrVOn1ejG6oAp8ahvOIQD8sw==",
			"dev": true
		},
		"node_modules/picomatch": {
			"version": "2.3.1",
			"resolved": "https://registry.npmjs.org/picomatch/-/picomatch-2.3.1.tgz",
			"integrity": "sha512-JU3teHTNjmE2VCGFzuY8EXzCDVwEqB2a8fsIvwaStHhAWJEeVd1o1QD80CU6+ZdEXXSLbSsuLwJjkCBWqRQUVA==",
			"dev": true,
			"engines": {
				"node": ">=8.6"
			},
			"funding": {
				"url": "https://github.com/sponsors/jonschlinkert"
			}
		},
		"node_modules/propagate": {
			"version": "2.0.1",
			"resolved": "https://registry.npmjs.org/propagate/-/propagate-2.0.1.tgz",
			"integrity": "sha512-vGrhOavPSTz4QVNuBNdcNXePNdNMaO1xj9yBeH1ScQPjk/rhg9sSlCXPhMkFuaNNW/syTvYqsnbIJxMBfRbbag==",
			"engines": {
				"node": ">= 8"
			}
		},
		"node_modules/resolve": {
			"version": "1.22.4",
			"resolved": "https://registry.npmjs.org/resolve/-/resolve-1.22.4.tgz",
			"integrity": "sha512-PXNdCiPqDqeUou+w1C2eTQbNfxKSuMxqTCuvlmmMsk1NWHL5fRrhY6Pl0qEYYc6+QqGClco1Qj8XnjPego4wfg==",
			"dev": true,
			"dependencies": {
				"is-core-module": "^2.13.0",
				"path-parse": "^1.0.7",
				"supports-preserve-symlinks-flag": "^1.0.0"
			},
			"bin": {
				"resolve": "bin/resolve"
			},
			"funding": {
				"url": "https://github.com/sponsors/ljharb"
			}
		},
		"node_modules/rollup": {
			"version": "2.79.1",
			"resolved": "https://registry.npmjs.org/rollup/-/rollup-2.79.1.tgz",
			"integrity": "sha512-uKxbd0IhMZOhjAiD5oAFp7BqvkA4Dv47qpOCtaNvng4HBwdbWtdOh8f5nZNuk2rp51PMGk3bzfWu5oayNEuYnw==",
			"dev": true,
			"bin": {
				"rollup": "dist/bin/rollup"
			},
			"engines": {
				"node": ">=10.0.0"
			},
			"optionalDependencies": {
				"fsevents": "~2.3.2"
			}
		},
		"node_modules/rxjs": {
			"version": "7.8.1",
			"resolved": "https://registry.npmjs.org/rxjs/-/rxjs-7.8.1.tgz",
			"integrity": "sha512-AA3TVj+0A2iuIoQkWEK/tqFjBq2j+6PO6Y0zJcvzLAFhEFIO3HL0vls9hWLncZbAAbK0mar7oZ4V079I/qPMxg==",
			"dependencies": {
				"tslib": "^2.1.0"
			}
		},
		"node_modules/smoldot": {
			"version": "0.7.11",
			"resolved": "https://registry.npmjs.org/smoldot/-/smoldot-0.7.11.tgz",
			"integrity": "sha512-aE1led154FJ2/jrXKv2HLKdNIyvYJG6H2ZmKYFS++kW1OAcTQ6idDy3fzAI1VdydLDYK0YbKUsj7SJDmrjsS3g==",
			"optional": true,
			"dependencies": {
				"pako": "^2.0.4",
				"ws": "^8.8.1"
			}
		},
		"node_modules/sourcemap-codec": {
			"version": "1.4.8",
			"resolved": "https://registry.npmjs.org/sourcemap-codec/-/sourcemap-codec-1.4.8.tgz",
			"integrity": "sha512-9NykojV5Uih4lgo5So5dtw+f0JgJX30KCNI8gwhz2J9A15wD0Ml6tjHKwf6fTSa6fAdVBdZeNOs9eJ71qCk8vA==",
			"deprecated": "Please use @jridgewell/sourcemap-codec instead",
			"dev": true
		},
		"node_modules/supports-preserve-symlinks-flag": {
			"version": "1.0.0",
			"resolved": "https://registry.npmjs.org/supports-preserve-symlinks-flag/-/supports-preserve-symlinks-flag-1.0.0.tgz",
			"integrity": "sha512-ot0WnXS9fgdkgIcePe6RHNk1WA8+muPa6cSjeR3V8K27q9BB1rTE3R1p7Hv0z1ZyAc8s6Vvv8DIyWf681MAt0w==",
			"dev": true,
			"engines": {
				"node": ">= 0.4"
			},
			"funding": {
				"url": "https://github.com/sponsors/ljharb"
			}
		},
		"node_modules/tslib": {
			"version": "2.6.2",
			"resolved": "https://registry.npmjs.org/tslib/-/tslib-2.6.2.tgz",
			"integrity": "sha512-AEYxH93jGFPn/a2iVAwW87VuUIkR1FVUKB77NwMF7nBTDkDrrT/Hpt/IrCJ0QXhW27jTBDcf5ZY7w6RiqTMw2Q=="
		},
		"node_modules/tweetnacl": {
			"version": "1.0.3",
			"resolved": "https://registry.npmjs.org/tweetnacl/-/tweetnacl-1.0.3.tgz",
			"integrity": "sha512-6rt+RN7aOi1nGMyC4Xa5DdYiukl2UWCbcJft7YhxReBGQD7OAM8Pbxw6YMo4r2diNEA8FEmu32YOn9rhaiE5yw=="
		},
		"node_modules/web-streams-polyfill": {
			"version": "3.2.1",
			"resolved": "https://registry.npmjs.org/web-streams-polyfill/-/web-streams-polyfill-3.2.1.tgz",
			"integrity": "sha512-e0MO3wdXWKrLbL0DgGnUV7WHVuw9OUvL4hjgnPkIeEvESk74gAITi5G606JtZPp39cd8HA9VQzCIvA49LpPN5Q==",
			"engines": {
				"node": ">= 8"
			}
		},
		"node_modules/wrappy": {
			"version": "1.0.2",
			"resolved": "https://registry.npmjs.org/wrappy/-/wrappy-1.0.2.tgz",
			"integrity": "sha512-l4Sp/DRseor9wL6EvV2+TuQn63dMkPjZ/sp9XkghTEbV9KlPS1xUsZ3u7/IQO4wxtcFB4bgpQPRcR3QCvezPcQ==",
			"dev": true
		},
		"node_modules/ws": {
			"version": "8.13.0",
			"resolved": "https://registry.npmjs.org/ws/-/ws-8.13.0.tgz",
			"integrity": "sha512-x9vcZYTrFPC7aSIbj7sRCYo7L/Xb8Iy+pW0ng0wt2vCJv7M9HOMy0UoN3rr+IFC7hb7vXoqS+P9ktyLLLhO+LA==",
			"engines": {
				"node": ">=10.0.0"
			},
			"peerDependencies": {
				"bufferutil": "^4.0.1",
				"utf-8-validate": ">=5.0.2"
			},
			"peerDependenciesMeta": {
				"bufferutil": {
					"optional": true
				},
				"utf-8-validate": {
					"optional": true
				}
			}
		}
	}
}
